// !$*UTF8*$!
{
	archiveVersion = 1;
	classes = {
	};
	objectVersion = 46;
	objects = {

/* Begin PBXBuildFile section */
		3BD148CE7BCF30D02D3CFBDB /* libPods-Clarora-iOS.a in Frameworks */ = {isa = PBXBuildFile; fileRef = BFC01D5098D674137F763054 /* libPods-Clarora-iOS.a */; };
		411AFBB81955F90D76A3AE34 /* PrivacyInfo.xcprivacy in Resources */ = {isa = PBXBuildFile; fileRef = 21894965603F82AC3BE33D49 /* PrivacyInfo.xcprivacy */; };
		A1D11D72BCDE87A54FE967CD /* ClaroraModules.mm in Sources */ = {isa = PBXBuildFile; fileRef = 671567BAA986168D1EE5286B /* ClaroraModules.mm */; };
		D9AFB2D6A0900A64F8022C5B /* AppDelegate.mm in Sources */ = {isa = PBXBuildFile; fileRef = A453EA71723A2A919FD050EF /* AppDelegate.mm */; };
		F488D689470D6A10B6C88C0F /* main.m in Sources */ = {isa = PBXBuildFile; fileRef = 30E94E935AF9D694753E09A6 /* main.m */; };
		F6EA363C0A8805B59DC423CD /* Foundation.framework in Frameworks */ = {isa = PBXBuildFile; fileRef = F13F417A256D4D16C8E0D0D3 /* Foundation.framework */; };
/* End PBXBuildFile section */

/* Begin PBXFileReference section */
		21894965603F82AC3BE33D49 /* PrivacyInfo.xcprivacy */ = {isa = PBXFileReference; includeInIndex = 1; path = PrivacyInfo.xcprivacy; sourceTree = "<group>"; };
		30E94E935AF9D694753E09A6 /* main.m */ = {isa = PBXFileReference; includeInIndex = 1; lastKnownFileType = sourcecode.c.objc; path = main.m; sourceTree = "<group>"; };
		3AE0768F479F6153E9768AAD /* Clarora.app */ = {isa = PBXFileReference; explicitFileType = wrapper.application; includeInIndex = 0; path = Clarora.app; sourceTree = BUILT_PRODUCTS_DIR; };
		671567BAA986168D1EE5286B /* ClaroraModules.mm */ = {isa = PBXFileReference; includeInIndex = 1; path = ClaroraModules.mm; sourceTree = "<group>"; };
		6B6E66426D7B68F8D9AF3C49 /* AppDelegate.h */ = {isa = PBXFileReference; includeInIndex = 1; lastKnownFileType = sourcecode.c.h; path = AppDelegate.h; sourceTree = "<group>"; };
		7E23243C265AF8743E2E957E /* Pods-Clarora-iOS.release.xcconfig */ = {isa = PBXFileReference; includeInIndex = 1; lastKnownFileType = text.xcconfig; name = "Pods-Clarora-iOS.release.xcconfig"; path = "Target Support Files/Pods-Clarora-iOS/Pods-Clarora-iOS.release.xcconfig"; sourceTree = "<group>"; };
		85E0BA18875691C3EA52CEB9 /* Pods-Clarora-iOS.debug.xcconfig */ = {isa = PBXFileReference; includeInIndex = 1; lastKnownFileType = text.xcconfig; name = "Pods-Clarora-iOS.debug.xcconfig"; path = "Target Support Files/Pods-Clarora-iOS/Pods-Clarora-iOS.debug.xcconfig"; sourceTree = "<group>"; };
		A1C350C3B3A03656ACD073E2 /* Info.plist */ = {isa = PBXFileReference; includeInIndex = 1; lastKnownFileType = text.plist.xml; path = Info.plist; sourceTree = "<group>"; };
		A453EA71723A2A919FD050EF /* AppDelegate.mm */ = {isa = PBXFileReference; includeInIndex = 1; path = AppDelegate.mm; sourceTree = "<group>"; };
		BFC01D5098D674137F763054 /* libPods-Clarora-iOS.a */ = {isa = PBXFileReference; explicitFileType = archive.ar; includeInIndex = 0; path = "libPods-Clarora-iOS.a"; sourceTree = BUILT_PRODUCTS_DIR; };
		F13F417A256D4D16C8E0D0D3 /* Foundation.framework */ = {isa = PBXFileReference; lastKnownFileType = wrapper.framework; name = Foundation.framework; path = Platforms/iPhoneOS.platform/Developer/SDKs/iPhoneOS18.0.sdk/System/Library/Frameworks/Foundation.framework; sourceTree = DEVELOPER_DIR; };
/* End PBXFileReference section */

/* Begin PBXFrameworksBuildPhase section */
		23C74B6EA5786800861FCCCA /* Frameworks */ = {
			isa = PBXFrameworksBuildPhase;
			buildActionMask = 2147483647;
			files = (
				F6EA363C0A8805B59DC423CD /* Foundation.framework in Frameworks */,
				3BD148CE7BCF30D02D3CFBDB /* libPods-Clarora-iOS.a in Frameworks */,
			);
			runOnlyForDeploymentPostprocessing = 0;
		};
/* End PBXFrameworksBuildPhase section */

/* Begin PBXGroup section */
		1C4C8D60EC6EF5022B59B7B3 = {
			isa = PBXGroup;
			children = (
				E4EC33BD8BA0620CF05A6449 /* Products */,
				BDEBB007A56374289AA4165E /* Frameworks */,
				F8201809E2A0E8AB51058F6B /* Clarora */,
				21894965603F82AC3BE33D49 /* PrivacyInfo.xcprivacy */,
				F59C04294980F6D06917DEDB /* Pods */,
			);
			sourceTree = "<group>";
		};
		8A2AD6843BB575D36884D434 /* iOS */ = {
			isa = PBXGroup;
			children = (
				F13F417A256D4D16C8E0D0D3 /* Foundation.framework */,
			);
			name = iOS;
			sourceTree = "<group>";
		};
		BDEBB007A56374289AA4165E /* Frameworks */ = {
			isa = PBXGroup;
			children = (
				8A2AD6843BB575D36884D434 /* iOS */,
				BFC01D5098D674137F763054 /* libPods-Clarora-iOS.a */,
			);
			name = Frameworks;
			sourceTree = "<group>";
		};
		E4EC33BD8BA0620CF05A6449 /* Products */ = {
			isa = PBXGroup;
			children = (
				3AE0768F479F6153E9768AAD /* Clarora.app */,
			);
			name = Products;
			sourceTree = "<group>";
		};
		F59C04294980F6D06917DEDB /* Pods */ = {
			isa = PBXGroup;
			children = (
				7E23243C265AF8743E2E957E /* Pods-Clarora-iOS.release.xcconfig */,
				85E0BA18875691C3EA52CEB9 /* Pods-Clarora-iOS.debug.xcconfig */,
			);
			name = Pods;
			path = Pods;
			sourceTree = "<group>";
		};
		F8201809E2A0E8AB51058F6B /* Clarora */ = {
			isa = PBXGroup;
			children = (
				30E94E935AF9D694753E09A6 /* main.m */,
				A453EA71723A2A919FD050EF /* AppDelegate.mm */,
				671567BAA986168D1EE5286B /* ClaroraModules.mm */,
				6B6E66426D7B68F8D9AF3C49 /* AppDelegate.h */,
				A1C350C3B3A03656ACD073E2 /* Info.plist */,
			);
			name = Clarora;
			path = Clarora;
			sourceTree = "<group>";
		};
/* End PBXGroup section */

/* Begin PBXNativeTarget section */
		109A9B9103F3D640EB98C244 /* Clarora-iOS */ = {
			isa = PBXNativeTarget;
			buildConfigurationList = FF470662450E1A2A4A757342 /* Build configuration list for PBXNativeTarget "Clarora-iOS" */;
			buildPhases = (
				A0C4800214BCA6F0BACC4848 /* [CP] Check Pods Manifest.lock */,
				E8F3342CC779D45713F54800 /* Sources */,
				23C74B6EA5786800861FCCCA /* Frameworks */,
				E72F2A3D098240328E319014 /* Resources */,
				1B3FA5618792035413F469F0 /* Bundle React Native code and images */,
				70D7A60B430BD8FDB8E9BB62 /* [CP] Copy Pods Resources */,
				88A28BB23E1E0F7EC1317C2C /* [CP] Embed Pods Frameworks */,
			);
			buildRules = (
			);
			dependencies = (
			);
			name = "Clarora-iOS";
			productName = "Clarora-iOS";
			productReference = 3AE0768F479F6153E9768AAD /* Clarora.app */;
			productType = "com.apple.product-type.application";
		};
/* End PBXNativeTarget section */

/* Begin PBXProject section */
		E2ABFF3310659C6531731B12 /* Project object */ = {
			isa = PBXProject;
			attributes = {
				LastSwiftUpdateCheck = 1600;
				LastUpgradeCheck = 1600;
			};
			buildConfigurationList = 7F66CB5DEBA6175E81A76708 /* Build configuration list for PBXProject "Clarora" */;
			compatibilityVersion = "Xcode 3.2";
			developmentRegion = en;
			hasScannedForEncodings = 0;
			knownRegions = (
				en,
				Base,
			);
			mainGroup = 1C4C8D60EC6EF5022B59B7B3;
			minimizedProjectReferenceProxies = 0;
			preferredProjectObjectVersion = 77;
			productRefGroup = E4EC33BD8BA0620CF05A6449 /* Products */;
			projectDirPath = "";
			projectRoot = "";
			targets = (
				109A9B9103F3D640EB98C244 /* Clarora-iOS */,
			);
		};
/* End PBXProject section */

/* Begin PBXResourcesBuildPhase section */
		E72F2A3D098240328E319014 /* Resources */ = {
			isa = PBXResourcesBuildPhase;
			buildActionMask = 2147483647;
			files = (
				411AFBB81955F90D76A3AE34 /* PrivacyInfo.xcprivacy in Resources */,
			);
			runOnlyForDeploymentPostprocessing = 0;
		};
/* End PBXResourcesBuildPhase section */

/* Begin PBXShellScriptBuildPhase section */
		1B3FA5618792035413F469F0 /* Bundle React Native code and images */ = {
			isa = PBXShellScriptBuildPhase;
			alwaysOutOfDate = 1;
			buildActionMask = 2147483647;
			files = (
			);
			inputFileListPaths = (
			);
			inputPaths = (
			);
			name = "Bundle React Native code and images";
			outputFileListPaths = (
			);
			outputPaths = (
			);
			runOnlyForDeploymentPostprocessing = 0;
			shellPath = /bin/sh;
			shellScript = "set -e\nexport REACT_NATIVE_PATH=\"${PROJECT_DIR}/../node_modules/react-native\"\nWITH_ENVIRONMENT=\"$REACT_NATIVE_PATH/scripts/xcode/with-environment.sh\"\nREACT_NATIVE_XCODE=\"$REACT_NATIVE_PATH/scripts/react-native-xcode.sh\"\n/bin/sh \"$WITH_ENVIRONMENT\" \"$REACT_NATIVE_XCODE\"\n";
		};
		70D7A60B430BD8FDB8E9BB62 /* [CP] Copy Pods Resources */ = {
			isa = PBXShellScriptBuildPhase;
			buildActionMask = 2147483647;
			files = (
			);
			inputPaths = (
				"${PODS_ROOT}/Target Support Files/Pods-Clarora-iOS/Pods-Clarora-iOS-resources.sh",
				"${PODS_CONFIGURATION_BUILD_DIR}/RCT-Folly/RCT-Folly_privacy.bundle",
				"${PODS_CONFIGURATION_BUILD_DIR}/React-Core/React-Core_privacy.bundle",
				"${PODS_CONFIGURATION_BUILD_DIR}/React-cxxreact/React-cxxreact_privacy.bundle",
				"${PODS_CONFIGURATION_BUILD_DIR}/boost/boost_privacy.bundle",
				"${PODS_CONFIGURATION_BUILD_DIR}/glog/glog_privacy.bundle",
			);
			name = "[CP] Copy Pods Resources";
			outputPaths = (
				"${TARGET_BUILD_DIR}/${UNLOCALIZED_RESOURCES_FOLDER_PATH}/RCT-Folly_privacy.bundle",
				"${TARGET_BUILD_DIR}/${UNLOCALIZED_RESOURCES_FOLDER_PATH}/React-Core_privacy.bundle",
				"${TARGET_BUILD_DIR}/${UNLOCALIZED_RESOURCES_FOLDER_PATH}/React-cxxreact_privacy.bundle",
				"${TARGET_BUILD_DIR}/${UNLOCALIZED_RESOURCES_FOLDER_PATH}/boost_privacy.bundle",
				"${TARGET_BUILD_DIR}/${UNLOCALIZED_RESOURCES_FOLDER_PATH}/glog_privacy.bundle",
			);
			runOnlyForDeploymentPostprocessing = 0;
			shellPath = /bin/sh;
			shellScript = "\"${PODS_ROOT}/Target Support Files/Pods-Clarora-iOS/Pods-Clarora-iOS-resources.sh\"\n";
			showEnvVarsInLog = 0;
		};
		88A28BB23E1E0F7EC1317C2C /* [CP] Embed Pods Frameworks */ = {
			isa = PBXShellScriptBuildPhase;
			buildActionMask = 2147483647;
			files = (
			);
			inputPaths = (
				"${PODS_ROOT}/Target Support Files/Pods-Clarora-iOS/Pods-Clarora-iOS-frameworks.sh",
				"${PODS_XCFRAMEWORKS_BUILD_DIR}/hermes-engine/Pre-built/hermes.framework/hermes",
			);
			name = "[CP] Embed Pods Frameworks";
			outputPaths = (
				"${TARGET_BUILD_DIR}/${FRAMEWORKS_FOLDER_PATH}/hermes.framework",
			);
			runOnlyForDeploymentPostprocessing = 0;
			shellPath = /bin/sh;
			shellScript = "\"${PODS_ROOT}/Target Support Files/Pods-Clarora-iOS/Pods-Clarora-iOS-frameworks.sh\"\n";
			showEnvVarsInLog = 0;
		};
		A0C4800214BCA6F0BACC4848 /* [CP] Check Pods Manifest.lock */ = {
			isa = PBXShellScriptBuildPhase;
			buildActionMask = 2147483647;
			files = (
			);
			inputFileListPaths = (
			);
			inputPaths = (
				"${PODS_PODFILE_DIR_PATH}/Podfile.lock",
				"${PODS_ROOT}/Manifest.lock",
			);
			name = "[CP] Check Pods Manifest.lock";
			outputFileListPaths = (
			);
			outputPaths = (
				"$(DERIVED_FILE_DIR)/Pods-Clarora-iOS-checkManifestLockResult.txt",
			);
			runOnlyForDeploymentPostprocessing = 0;
			shellPath = /bin/sh;
			shellScript = "diff \"${PODS_PODFILE_DIR_PATH}/Podfile.lock\" \"${PODS_ROOT}/Manifest.lock\" > /dev/null\nif [ $? != 0 ] ; then\n    # print error to STDERR\n    echo \"error: The sandbox is not in sync with the Podfile.lock. Run 'pod install' or update your CocoaPods installation.\" >&2\n    exit 1\nfi\n# This output is used by Xcode 'outputs' to avoid re-running this script phase.\necho \"SUCCESS\" > \"${SCRIPT_OUTPUT_FILE_0}\"\n";
			showEnvVarsInLog = 0;
		};
/* End PBXShellScriptBuildPhase section */

/* Begin PBXSourcesBuildPhase section */
		E8F3342CC779D45713F54800 /* Sources */ = {
			isa = PBXSourcesBuildPhase;
			buildActionMask = 2147483647;
			files = (
				F488D689470D6A10B6C88C0F /* main.m in Sources */,
				D9AFB2D6A0900A64F8022C5B /* AppDelegate.mm in Sources */,
				A1D11D72BCDE87A54FE967CD /* ClaroraModules.mm in Sources */,
			);
			runOnlyForDeploymentPostprocessing = 0;
		};
/* End PBXSourcesBuildPhase section */

/* Begin XCBuildConfiguration section */
		50F63A3B11C98C16D42F30BC /* Release */ = {
			isa = XCBuildConfiguration;
			baseConfigurationReference = 7E23243C265AF8743E2E957E /* Pods-Clarora-iOS.release.xcconfig */;
			buildSettings = {
				ASSETCATALOG_COMPILER_APPICON_NAME = AppIcon;
				ASSETCATALOG_COMPILER_GLOBAL_ACCENT_COLOR_NAME = AccentColor;
				CLANG_ENABLE_MODULES = YES;
				CLANG_ENABLE_OBJC_ARC = YES;
				CLANG_ENABLE_OBJC_WEAK = NO;
				CODE_SIGN_STYLE = Automatic;
				CURRENT_PROJECT_VERSION = 1;
				ENABLE_USER_SCRIPT_SANDBOXING = NO;
				INFOPLIST_FILE = Clarora/Info.plist;
				IPHONEOS_DEPLOYMENT_TARGET = 15.1;
				LD_RUNPATH_SEARCH_PATHS = "$(inherited) @executable_path/Frameworks";
				MARKETING_VERSION = 0.1.0;
				OTHER_LDFLAGS = (
					"$(inherited)",
					"-ObjC",
				);
				PRODUCT_BUNDLE_IDENTIFIER = com.clarora.app;
				PRODUCT_NAME = Clarora;
				SDKROOT = iphoneos;
				TARGETED_DEVICE_FAMILY = "1,2";
				VALIDATE_PRODUCT = YES;
			};
			name = Release;
		};
		614BCA5FB36F04D063822BAC /* Debug */ = {
			isa = XCBuildConfiguration;
			buildSettings = {
				ALWAYS_SEARCH_USER_PATHS = NO;
				CLANG_ANALYZER_NONNULL = YES;
				CLANG_ANALYZER_NUMBER_OBJECT_CONVERSION = YES_AGGRESSIVE;
				CLANG_CXX_LANGUAGE_STANDARD = "c++20";
				CLANG_CXX_LIBRARY = "libc++";
				CLANG_ENABLE_MODULES = YES;
				CLANG_ENABLE_OBJC_ARC = YES;
				CLANG_ENABLE_OBJC_WEAK = YES;
				CLANG_WARN_BLOCK_CAPTURE_AUTORELEASING = YES;
				CLANG_WARN_BOOL_CONVERSION = YES;
				CLANG_WARN_COMMA = YES;
				CLANG_WARN_CONSTANT_CONVERSION = YES;
				CLANG_WARN_DEPRECATED_OBJC_IMPLEMENTATIONS = YES;
				CLANG_WARN_DIRECT_OBJC_ISA_USAGE = YES_ERROR;
				CLANG_WARN_DOCUMENTATION_COMMENTS = YES;
				CLANG_WARN_EMPTY_BODY = YES;
				CLANG_WARN_ENUM_CONVERSION = YES;
				CLANG_WARN_INFINITE_RECURSION = YES;
				CLANG_WARN_INT_CONVERSION = YES;
				CLANG_WARN_NON_LITERAL_NULL_CONVERSION = YES;
				CLANG_WARN_OBJC_IMPLICIT_RETAIN_SELF = YES;
				CLANG_WARN_OBJC_LITERAL_CONVERSION = YES;
				CLANG_WARN_OBJC_ROOT_CLASS = YES_ERROR;
				CLANG_WARN_QUOTED_INCLUDE_IN_FRAMEWORK_HEADER = YES;
				CLANG_WARN_RANGE_LOOP_ANALYSIS = YES;
				CLANG_WARN_STRICT_PROTOTYPES = YES;
				CLANG_WARN_SUSPICIOUS_MOVE = YES;
				CLANG_WARN_UNGUARDED_AVAILABILITY = YES_AGGRESSIVE;
				CLANG_WARN_UNREACHABLE_CODE = YES;
				CLANG_WARN__DUPLICATE_METHOD_MATCH = YES;
				COPY_PHASE_STRIP = NO;
				DEBUG_INFORMATION_FORMAT = dwarf;
				ENABLE_STRICT_OBJC_MSGSEND = YES;
				ENABLE_TESTABILITY = YES;
				GCC_C_LANGUAGE_STANDARD = gnu11;
				GCC_DYNAMIC_NO_PIC = NO;
				GCC_NO_COMMON_BLOCKS = YES;
				GCC_OPTIMIZATION_LEVEL = 0;
				GCC_PREPROCESSOR_DEFINITIONS = (
					"DEBUG=1",
					"$(inherited)",
				);
				GCC_WARN_64_TO_32_BIT_CONVERSION = YES;
				GCC_WARN_ABOUT_RETURN_TYPE = YES_ERROR;
				GCC_WARN_UNDECLARED_SELECTOR = YES;
				GCC_WARN_UNINITIALIZED_AUTOS = YES_AGGRESSIVE;
				GCC_WARN_UNUSED_FUNCTION = YES;
				GCC_WARN_UNUSED_VARIABLE = YES;
				MTL_ENABLE_DEBUG_INFO = INCLUDE_SOURCE;
				MTL_FAST_MATH = YES;
				ONLY_ACTIVE_ARCH = YES;
				OTHER_LDFLAGS = (
					"$(inherited)",
					" ",
				);
				PRODUCT_NAME = "$(TARGET_NAME)";
				REACT_NATIVE_PATH = "${PODS_ROOT}/../../node_modules/react-native";
				SWIFT_ACTIVE_COMPILATION_CONDITIONS = "$(inherited) DEBUG";
				SWIFT_OPTIMIZATION_LEVEL = "-Onone";
				SWIFT_VERSION = 5.0;
				USE_HERMES = true;
			};
			name = Debug;
		};
		795FC510AD7F2DD577BCC50F /* Release */ = {
			isa = XCBuildConfiguration;
			buildSettings = {
				ALWAYS_SEARCH_USER_PATHS = NO;
				CLANG_ANALYZER_NONNULL = YES;
				CLANG_ANALYZER_NUMBER_OBJECT_CONVERSION = YES_AGGRESSIVE;
				CLANG_CXX_LANGUAGE_STANDARD = "c++20";
				CLANG_CXX_LIBRARY = "libc++";
				CLANG_ENABLE_MODULES = YES;
				CLANG_ENABLE_OBJC_ARC = YES;
				CLANG_ENABLE_OBJC_WEAK = YES;
				CLANG_WARN_BLOCK_CAPTURE_AUTORELEASING = YES;
				CLANG_WARN_BOOL_CONVERSION = YES;
				CLANG_WARN_COMMA = YES;
				CLANG_WARN_CONSTANT_CONVERSION = YES;
				CLANG_WARN_DEPRECATED_OBJC_IMPLEMENTATIONS = YES;
				CLANG_WARN_DIRECT_OBJC_ISA_USAGE = YES_ERROR;
				CLANG_WARN_DOCUMENTATION_COMMENTS = YES;
				CLANG_WARN_EMPTY_BODY = YES;
				CLANG_WARN_ENUM_CONVERSION = YES;
				CLANG_WARN_INFINITE_RECURSION = YES;
				CLANG_WARN_INT_CONVERSION = YES;
				CLANG_WARN_NON_LITERAL_NULL_CONVERSION = YES;
				CLANG_WARN_OBJC_IMPLICIT_RETAIN_SELF = YES;
				CLANG_WARN_OBJC_LITERAL_CONVERSION = YES;
				CLANG_WARN_OBJC_ROOT_CLASS = YES_ERROR;
				CLANG_WARN_QUOTED_INCLUDE_IN_FRAMEWORK_HEADER = YES;
				CLANG_WARN_RANGE_LOOP_ANALYSIS = YES;
				CLANG_WARN_STRICT_PROTOTYPES = YES;
				CLANG_WARN_SUSPICIOUS_MOVE = YES;
				CLANG_WARN_UNGUARDED_AVAILABILITY = YES_AGGRESSIVE;
				CLANG_WARN_UNREACHABLE_CODE = YES;
				CLANG_WARN__DUPLICATE_METHOD_MATCH = YES;
				COPY_PHASE_STRIP = NO;
				DEBUG_INFORMATION_FORMAT = "dwarf-with-dsym";
				ENABLE_NS_ASSERTIONS = NO;
				ENABLE_STRICT_OBJC_MSGSEND = YES;
				GCC_C_LANGUAGE_STANDARD = gnu11;
				GCC_NO_COMMON_BLOCKS = YES;
				GCC_WARN_64_TO_32_BIT_CONVERSION = YES;
				GCC_WARN_ABOUT_RETURN_TYPE = YES_ERROR;
				GCC_WARN_UNDECLARED_SELECTOR = YES;
				GCC_WARN_UNINITIALIZED_AUTOS = YES_AGGRESSIVE;
				GCC_WARN_UNUSED_FUNCTION = YES;
				GCC_WARN_UNUSED_VARIABLE = YES;
				MTL_ENABLE_DEBUG_INFO = NO;
				MTL_FAST_MATH = YES;
				OTHER_LDFLAGS = (
					"$(inherited)",
					" ",
				);
				PRODUCT_NAME = "$(TARGET_NAME)";
				REACT_NATIVE_PATH = "${PODS_ROOT}/../../node_modules/react-native";
				SWIFT_COMPILATION_MODE = wholemodule;
				SWIFT_OPTIMIZATION_LEVEL = "-O";
				SWIFT_VERSION = 5.0;
				USE_HERMES = true;
			};
			name = Release;
		};
		A813D406BB099CD23E94BF81 /* Debug */ = {
			isa = XCBuildConfiguration;
			baseConfigurationReference = 85E0BA18875691C3EA52CEB9 /* Pods-Clarora-iOS.debug.xcconfig */;
			buildSettings = {
				ASSETCATALOG_COMPILER_APPICON_NAME = AppIcon;
				ASSETCATALOG_COMPILER_GLOBAL_ACCENT_COLOR_NAME = AccentColor;
				CLANG_ENABLE_MODULES = YES;
				CLANG_ENABLE_OBJC_ARC = YES;
				CLANG_ENABLE_OBJC_WEAK = NO;
				CODE_SIGN_STYLE = Automatic;
				CURRENT_PROJECT_VERSION = 1;
				ENABLE_USER_SCRIPT_SANDBOXING = NO;
				INFOPLIST_FILE = Clarora/Info.plist;
				IPHONEOS_DEPLOYMENT_TARGET = 15.1;
				LD_RUNPATH_SEARCH_PATHS = "$(inherited) @executable_path/Frameworks";
				MARKETING_VERSION = 0.1.0;
				OTHER_LDFLAGS = (
					"$(inherited)",
					"-ObjC",
				);
				PRODUCT_BUNDLE_IDENTIFIER = com.clarora.app;
				PRODUCT_NAME = Clarora;
				SDKROOT = iphoneos;
				TARGETED_DEVICE_FAMILY = "1,2";
			};
			name = Debug;
		};
/* End XCBuildConfiguration section */

/* Begin XCConfigurationList section */
		7F66CB5DEBA6175E81A76708 /* Build configuration list for PBXProject "Clarora" */ = {
			isa = XCConfigurationList;
			buildConfigurations = (
				614BCA5FB36F04D063822BAC /* Debug */,
				795FC510AD7F2DD577BCC50F /* Release */,
			);
			defaultConfigurationIsVisible = 0;
			defaultConfigurationName = Release;
		};
		FF470662450E1A2A4A757342 /* Build configuration list for PBXNativeTarget "Clarora-iOS" */ = {
			isa = XCConfigurationList;
			buildConfigurations = (
				50F63A3B11C98C16D42F30BC /* Release */,
				A813D406BB099CD23E94BF81 /* Debug */,
			);
			defaultConfigurationIsVisible = 0;
			defaultConfigurationName = Release;
		};
/* End XCConfigurationList section */
	};
	rootObject = E2ABFF3310659C6531731B12 /* Project object */;
}
